
Microsoft Visual Studio Solution File, Format Version 12.00
# Visual Studio 14
VisualStudioVersion = 14.0.24720.0
MinimumVisualStudioVersion = 10.0.40219.1
Project("{FAE04EC0-301F-11D3-BF4B-00C04F79EFBC}") = "GenericLoginFramework", "GenericLoginFramework\GenericLoginFramework.csproj", "{42959B2E-771C-4C9C-94BD-D2889F1E0710}"
EndProject
Project("{FAE04EC0-301F-11D3-BF4B-00C04F79EFBC}") = "GLFToolboxWPF", "GLFToolboxWPF\GLFToolboxWPF.csproj", "{52DDFEA5-01B7-48C7-B423-3B6D77E16BF5}"
EndProject
Project("{FAE04EC0-301F-11D3-BF4B-00C04F79EFBC}") = "GLFToolboxWF", "GLFToolboxWF\GLFToolboxWF.csproj", "{5E7C90A8-DFED-4F27-8BF2-F5EE786D0070}"
EndProject
Project("{FAE04EC0-301F-11D3-BF4B-00C04F79EFBC}") = "GLFTestWF", "GLFTestWF\GLFTestWF.csproj", "{F46F3C92-6CAB-4076-96BE-6B45D4C215E4}"
EndProject
Project("{FAE04EC0-301F-11D3-BF4B-00C04F79EFBC}") = "GLFTestWPF", "GLFTestWPF\GLFTestWPF.csproj", "{4B0E7FBE-DB53-4115-A91A-37E64160BA0E}"
EndProject
Project("{FAE04EC0-301F-11D3-BF4B-00C04F79EFBC}") = "GLFTestASP", "GLFTestASP\GLFTestASP.csproj", "{8A906C79-9C8D-4B6D-BA73-4E7271C904B0}"
EndProject
Project("{FAE04EC0-301F-11D3-BF4B-00C04F79EFBC}") = "GLFTestConsole", "GLFTestConsole\GLFTestConsole.csproj", "{1F468A8C-18D0-4C89-AD07-4FA38285AAC6}"
EndProject
Project("{FAE04EC0-301F-11D3-BF4B-00C04F79EFBC}") = "GLFToolboxASP", "GLFToolboxASP\GLFToolboxASP.csproj", "{7CEDC9E4-5FCE-4B9A-9DB3-5E721551889E}"
EndProject
Global
	GlobalSection(SolutionConfigurationPlatforms) = preSolution
		Debug|Any CPU = Debug|Any CPU
		Release|Any CPU = Release|Any CPU
	EndGlobalSection
	GlobalSection(ProjectConfigurationPlatforms) = postSolution
		{42959B2E-771C-4C9C-94BD-D2889F1E0710}.Debug|Any CPU.ActiveCfg = Release|Any CPU
		{42959B2E-771C-4C9C-94BD-D2889F1E0710}.Debug|Any CPU.Build.0 = Release|Any CPU
		{42959B2E-771C-4C9C-94BD-D2889F1E0710}.Release|Any CPU.ActiveCfg = Release|Any CPU
		{42959B2E-771C-4C9C-94BD-D2889F1E0710}.Release|Any CPU.Build.0 = Release|Any CPU
		{52DDFEA5-01B7-48C7-B423-3B6D77E16BF5}.Debug|Any CPU.ActiveCfg = Release|Any CPU
		{52DDFEA5-01B7-48C7-B423-3B6D77E16BF5}.Debug|Any CPU.Build.0 = Release|Any CPU
		{52DDFEA5-01B7-48C7-B423-3B6D77E16BF5}.Release|Any CPU.ActiveCfg = Release|Any CPU
		{52DDFEA5-01B7-48C7-B423-3B6D77E16BF5}.Release|Any CPU.Build.0 = Release|Any CPU
		{5E7C90A8-DFED-4F27-8BF2-F5EE786D0070}.Debug|Any CPU.ActiveCfg = Release|Any CPU
		{5E7C90A8-DFED-4F27-8BF2-F5EE786D0070}.Debug|Any CPU.Build.0 = Release|Any CPU
		{5E7C90A8-DFED-4F27-8BF2-F5EE786D0070}.Release|Any CPU.ActiveCfg = Release|Any CPU
		{5E7C90A8-DFED-4F27-8BF2-F5EE786D0070}.Release|Any CPU.Build.0 = Release|Any CPU
		{F46F3C92-6CAB-4076-96BE-6B45D4C215E4}.Debug|Any CPU.ActiveCfg = Debug|Any CPU
		{F46F3C92-6CAB-4076-96BE-6B45D4C215E4}.Debug|Any CPU.Build.0 = Debug|Any CPU
		{F46F3C92-6CAB-4076-96BE-6B45D4C215E4}.Release|Any CPU.ActiveCfg = Release|Any CPU
		{F46F3C92-6CAB-4076-96BE-6B45D4C215E4}.Release|Any CPU.Build.0 = Release|Any CPU
		{4B0E7FBE-DB53-4115-A91A-37E64160BA0E}.Debug|Any CPU.ActiveCfg = Debug|Any CPU
		{4B0E7FBE-DB53-4115-A91A-37E64160BA0E}.Debug|Any CPU.Build.0 = Debug|Any CPU
		{4B0E7FBE-DB53-4115-A91A-37E64160BA0E}.Release|Any CPU.ActiveCfg = Release|Any CPU
		{4B0E7FBE-DB53-4115-A91A-37E64160BA0E}.Release|Any CPU.Build.0 = Release|Any CPU
		{8A906C79-9C8D-4B6D-BA73-4E7271C904B0}.Debug|Any CPU.ActiveCfg = Debug|Any CPU
		{8A906C79-9C8D-4B6D-BA73-4E7271C904B0}.Debug|Any CPU.Build.0 = Debug|Any CPU
		{8A906C79-9C8D-4B6D-BA73-4E7271C904B0}.Release|Any CPU.ActiveCfg = Release|Any CPU
		{8A906C79-9C8D-4B6D-BA73-4E7271C904B0}.Release|Any CPU.Build.0 = Release|Any CPU
		{1F468A8C-18D0-4C89-AD07-4FA38285AAC6}.Debug|Any CPU.ActiveCfg = Debug|Any CPU
		{1F468A8C-18D0-4C89-AD07-4FA38285AAC6}.Debug|Any CPU.Build.0 = Debug|Any CPU
		{1F468A8C-18D0-4C89-AD07-4FA38285AAC6}.Release|Any CPU.ActiveCfg = Release|Any CPU
		{1F468A8C-18D0-4C89-AD07-4FA38285AAC6}.Release|Any CPU.Build.0 = Release|Any CPU
		{7CEDC9E4-5FCE-4B9A-9DB3-5E721551889E}.Debug|Any CPU.ActiveCfg = Debug|Any CPU
		{7CEDC9E4-5FCE-4B9A-9DB3-5E721551889E}.Debug|Any CPU.Build.0 = Debug|Any CPU
		{7CEDC9E4-5FCE-4B9A-9DB3-5E721551889E}.Release|Any CPU.ActiveCfg = Release|Any CPU
		{7CEDC9E4-5FCE-4B9A-9DB3-5E721551889E}.Release|Any CPU.Build.0 = Release|Any CPU
	EndGlobalSection
	GlobalSection(SolutionProperties) = preSolution
		HideSolutionNode = FALSE
	EndGlobalSection
EndGlobal
